
Microsoft Visual Studio Solution File, Format Version 12.00
# Visual Studio 15
Project("{FAE04EC0-301F-11D3-BF4B-00C04F79EFBC}") = "Unity.Timeline", "Unity.Timeline.csproj", "{31AADFA7-176C-C44F-A0D9-665421A1FC10}"
EndProject
Project("{FAE04EC0-301F-11D3-BF4B-00C04F79EFBC}") = "Unity.Timeline.Editor", "Unity.Timeline.Editor.csproj", "{5BC8CB5E-14D7-E6E8-0908-FA66A5E0F49E}"
EndProject
Project("{FAE04EC0-301F-11D3-BF4B-00C04F79EFBC}") = "Unity.2D.Tilemap.Editor", "Unity.2D.Tilemap.Editor.csproj", "{C8FA86A1-0790-F3F7-BAE6-90BB5F00869C}"
EndProject
Project("{FAE04EC0-301F-11D3-BF4B-00C04F79EFBC}") = "Unity.TextMeshPro.Editor", "Unity.TextMeshPro.Editor.csproj", "{111D03C4-3705-FCFA-EEFE-E84B74888E4C}"
EndProject
Project("{FAE04EC0-301F-11D3-BF4B-00C04F79EFBC}") = "Unity.2D.Aseprite.Editor", "Unity.2D.Aseprite.Editor.csproj", "{85303804-C87B-0BC2-3E4B-EABC2194DBB7}"
EndProject
Project("{FAE04EC0-301F-11D3-BF4B-00C04F79EFBC}") = "Unity.VisualScripting.Flow", "Unity.VisualScripting.Flow.csproj", "{06800EB1-EF9F-B2F1-0557-909637FF4EC6}"
EndProject
Project("{FAE04EC0-301F-11D3-BF4B-00C04F79EFBC}") = "UnityEditor.UI", "UnityEditor.UI.csproj", "{5331350A-68AA-D284-1FAC-B811353EC2EB}"
EndProject
Project("{FAE04EC0-301F-11D3-BF4B-00C04F79EFBC}") = "Unity.PlasticSCM.Editor", "Unity.PlasticSCM.Editor.csproj", "{F9277976-0D40-C851-E66E-4AC0BA43595C}"
EndProject
Project("{FAE04EC0-301F-11D3-BF4B-00C04F79EFBC}") = "Unity.2D.Psdimporter.Editor", "Unity.2D.Psdimporter.Editor.csproj", "{F1DE460F-68C5-31C4-591F-48D12BB5A653}"
EndProject
Project("{FAE04EC0-301F-11D3-BF4B-00C04F79EFBC}") = "Unity.VisualScripting.Core", "Unity.VisualScripting.Core.csproj", "{300A1081-A15D-AAF0-34DA-97ED0D174DDA}"
EndProject
Project("{FAE04EC0-301F-11D3-BF4B-00C04F79EFBC}") = "Unity.Mathematics", "Unity.Mathematics.csproj", "{BC1709CF-933E-3000-AAEB-A351B8565F1E}"
EndProject
Project("{FAE04EC0-301F-11D3-BF4B-00C04F79EFBC}") = "Unity.2D.Animation.Editor", "Unity.2D.Animation.Editor.csproj", "{18ECD858-BF44-30C2-04D9-24FF684BBDDA}"
EndProject
Project("{FAE04EC0-301F-11D3-BF4B-00C04F79EFBC}") = "Unity.2D.Common.Path.Editor", "Unity.2D.Common.Path.Editor.csproj", "{09FB1355-5908-32C3-BADF-8D7A0AF6E35C}"
EndProject
Project("{FAE04EC0-301F-11D3-BF4B-00C04F79EFBC}") = "Unity.VisualScripting.Core.Editor", "Unity.VisualScripting.Core.Editor.csproj", "{A6582174-86E1-36A3-7850-E7DCF430433B}"
EndProject
Project("{FAE04EC0-301F-11D3-BF4B-00C04F79EFBC}") = "Unity.2D.IK.Runtime", "Unity.2D.IK.Runtime.csproj", "{FB548CC7-57FC-2DBE-1A5B-C89EA489DB19}"
EndProject
Project("{FAE04EC0-301F-11D3-BF4B-00C04F79EFBC}") = "Unity.VisualScripting.Flow.Editor", "Unity.VisualScripting.Flow.Editor.csproj", "{B95320C6-8E07-2C4A-F2A0-5943089C8980}"
EndProject
Project("{FAE04EC0-301F-11D3-BF4B-00C04F79EFBC}") = "UnityEditor.TestRunner", "UnityEditor.TestRunner.csproj", "{C062021C-065E-F955-3902-4A0E0B8EBDC1}"
EndProject
Project("{FAE04EC0-301F-11D3-BF4B-00C04F79EFBC}") = "Unity.VisualScripting.SettingsProvider.Editor", "Unity.VisualScripting.SettingsProvider.Editor.csproj", "{AEA73389-2EF3-E3FC-0327-2E9C73229EEA}"
EndProject
Project("{FAE04EC0-301F-11D3-BF4B-00C04F79EFBC}") = "UnityEngine.TestRunner", "UnityEngine.TestRunner.csproj", "{8AE4B68F-39E0-5CFA-F7B6-0168C79B9D21}"
EndProject
Project("{FAE04EC0-301F-11D3-BF4B-00C04F79EFBC}") = "PsdPlugin", "PsdPlugin.csproj", "{C6E3096B-CB7F-6771-EEC3-B029E7F70FE4}"
EndProject
Project("{FAE04EC0-301F-11D3-BF4B-00C04F79EFBC}") = "Unity.Burst", "Unity.Burst.csproj", "{D2571EBF-080E-B4EE-B0FB-7B4A47F309A3}"
EndProject
Project("{FAE04EC0-301F-11D3-BF4B-00C04F79EFBC}") = "UnityEngine.UI", "UnityEngine.UI.csproj", "{2F03F43A-90D4-8778-16B8-8940C7BCD246}"
EndProject
Project("{FAE04EC0-301F-11D3-BF4B-00C04F79EFBC}") = "Unity.2D.SpriteShape.Editor", "Unity.2D.SpriteShape.Editor.csproj", "{D17B5966-FEA0-3262-7F30-3783DE70845D}"
EndProject
Project("{FAE04EC0-301F-11D3-BF4B-00C04F79EFBC}") = "Unity.Collections", "Unity.Collections.csproj", "{C31CB299-F565-9258-A421-E5678B2C0DFE}"
EndProject
Project("{FAE04EC0-301F-11D3-BF4B-00C04F79EFBC}") = "Unity.VisualStudio.Editor", "Unity.VisualStudio.Editor.csproj", "{A6C67A56-CBFC-4811-5ECD-BF6F1C70443C}"
EndProject
Project("{FAE04EC0-301F-11D3-BF4B-00C04F79EFBC}") = "Unity.2D.Tilemap.Extras.Editor", "Unity.2D.Tilemap.Extras.Editor.csproj", "{337ACB7D-4916-E306-B417-CA0F55728B12}"
EndProject
Project("{FAE04EC0-301F-11D3-BF4B-00C04F79EFBC}") = "Unity.Rider.Editor", "Unity.Rider.Editor.csproj", "{D934BE23-2189-4005-520F-FC8679FCA22B}"
EndProject
Project("{FAE04EC0-301F-11D3-BF4B-00C04F79EFBC}") = "Unity.InternalAPIEditorBridge.001", "Unity.InternalAPIEditorBridge.001.csproj", "{FB332BC7-51F9-6E8F-6BBD-542635EB98D0}"
EndProject
Project("{FAE04EC0-301F-11D3-BF4B-00C04F79EFBC}") = "Unity.2D.SpriteShape.Runtime", "Unity.2D.SpriteShape.Runtime.csproj", "{F5F1722E-FC81-61ED-F8E1-1DA1F795B457}"
EndProject
Project("{FAE04EC0-301F-11D3-BF4B-00C04F79EFBC}") = "Assembly-CSharp", "Assembly-CSharp.csproj", "{CC545EB7-3577-8724-42F5-D10A877C3B6C}"
EndProject
Project("{FAE04EC0-301F-11D3-BF4B-00C04F79EFBC}") = "Unity.VisualScripting.State.Editor", "Unity.VisualScripting.State.Editor.csproj", "{1435416E-AF6E-AF66-59FF-517E4F4D0560}"
EndProject
Project("{FAE04EC0-301F-11D3-BF4B-00C04F79EFBC}") = "Unity.2D.Animation.Runtime", "Unity.2D.Animation.Runtime.csproj", "{D7CFF0EB-312A-10B6-CC9C-555B69A1DE6D}"
EndProject
Project("{FAE04EC0-301F-11D3-BF4B-00C04F79EFBC}") = "Unity.Burst.CodeGen", "Unity.Burst.CodeGen.csproj", "{313E7B88-071E-4D79-F658-CC7D980D29C0}"
EndProject
Project("{FAE04EC0-301F-11D3-BF4B-00C04F79EFBC}") = "Unity.2D.Tilemap.Extras", "Unity.2D.Tilemap.Extras.csproj", "{BE853A23-BF46-6B9D-F721-EFDF448D7F5A}"
EndProject
Project("{FAE04EC0-301F-11D3-BF4B-00C04F79EFBC}") = "Unity.VisualScripting.State", "Unity.VisualScripting.State.csproj", "{CAA92EEC-C1AE-60C3-A9F9-B2924B21033F}"
EndProject
Project("{FAE04EC0-301F-11D3-BF4B-00C04F79EFBC}") = "Unity.TextMeshPro", "Unity.TextMeshPro.csproj", "{F935EE79-87DD-9806-51EF-0E2BF018CFD7}"
EndProject
Project("{FAE04EC0-301F-11D3-BF4B-00C04F79EFBC}") = "Unity.2D.Aseprite.Common", "Unity.2D.Aseprite.Common.csproj", "{7F3EA03A-7E51-C1EA-3D0C-AE8255FDF81C}"
EndProject
Project("{FAE04EC0-301F-11D3-BF4B-00C04F79EFBC}") = "Unity.2D.IK.Editor", "Unity.2D.IK.Editor.csproj", "{C9504211-5D6D-5043-3F6C-D986A8773291}"
EndProject
Project("{FAE04EC0-301F-11D3-BF4B-00C04F79EFBC}") = "Unity.InternalAPIEngineBridge.001", "Unity.InternalAPIEngineBridge.001.csproj", "{E8B02E6B-25A7-D26C-857E-E02CB9E2C381}"
EndProject
Project("{FAE04EC0-301F-11D3-BF4B-00C04F79EFBC}") = "Unity.Burst.Editor", "Unity.Burst.Editor.csproj", "{234D1980-33A2-F19E-0899-025C2660DD21}"
EndProject
Project("{FAE04EC0-301F-11D3-BF4B-00C04F79EFBC}") = "Unity.2D.Common.Editor", "Unity.2D.Common.Editor.csproj", "{D97D560E-66D7-AF44-B003-5C9CFC0D959C}"
EndProject
Project("{FAE04EC0-301F-11D3-BF4B-00C04F79EFBC}") = "Unity.2D.Sprite.Editor", "Unity.2D.Sprite.Editor.csproj", "{EDFE968E-3A9B-D064-7377-C140F7F8E8B3}"
EndProject
Project("{FAE04EC0-301F-11D3-BF4B-00C04F79EFBC}") = "Unity.2D.PixelPerfect", "Unity.2D.PixelPerfect.csproj", "{9A01191E-7976-F6DE-415A-C398B6C52DCA}"
EndProject
Project("{FAE04EC0-301F-11D3-BF4B-00C04F79EFBC}") = "Unity.2D.PixelPerfect.Editor", "Unity.2D.PixelPerfect.Editor.csproj", "{296F8CCF-5753-B8E6-FD41-E4B12A2237A4}"
EndProject
Project("{FAE04EC0-301F-11D3-BF4B-00C04F79EFBC}") = "Unity.2D.Common.Runtime", "Unity.2D.Common.Runtime.csproj", "{29A4BF3B-7F4F-7631-9664-261FDEF2FD57}"
EndProject
Project("{FAE04EC0-301F-11D3-BF4B-00C04F79EFBC}") = "Unity.Mathematics.Editor", "Unity.Mathematics.Editor.csproj", "{78201BFB-CCC7-DA13-ADF1-1B02ACF000D2}"
EndProject
Project("{FAE04EC0-301F-11D3-BF4B-00C04F79EFBC}") = "Unity.Collections.BurstCompatibilityGen", "Unity.Collections.BurstCompatibilityGen.csproj", "{914D700D-B410-AA74-1867-087968050201}"
EndProject
Project("{FAE04EC0-301F-11D3-BF4B-00C04F79EFBC}") = "Unity.InternalAPIEditorBridge.005", "Unity.InternalAPIEditorBridge.005.csproj", "{A8B09F20-83C6-C46C-421E-B90B2F58DA61}"
EndProject
Project("{FAE04EC0-301F-11D3-BF4B-00C04F79EFBC}") = "Unity.VisualScripting.Shared.Editor", "Unity.VisualScripting.Shared.Editor.csproj", "{BCBE7CCF-36A5-0780-4825-2E41A002AF5F}"
EndProject
Project("{FAE04EC0-301F-11D3-BF4B-00C04F79EFBC}") = "Unity.Collections.DocCodeSamples", "Unity.Collections.DocCodeSamples.csproj", "{FDC5E125-E8B3-9486-A395-814416AAC7F3}"
EndProject
Project("{FAE04EC0-301F-11D3-BF4B-00C04F79EFBC}") = "Unity.CollabProxy.Editor", "Unity.CollabProxy.Editor.csproj", "{31D57EC5-A312-5A14-BD46-FD5B0DED35CD}"
EndProject
Project("{FAE04EC0-301F-11D3-BF4B-00C04F79EFBC}") = "Unity.Timeline", "Unity.Timeline.Player.csproj", "{C0D7B4AD-16D0-A0F0-B46F-92365AA536E6}"
EndProject
Project("{FAE04EC0-301F-11D3-BF4B-00C04F79EFBC}") = "Unity.VisualScripting.Flow", "Unity.VisualScripting.Flow.Player.csproj", "{0587A25F-1B23-F906-1FD7-974EC73BCC64}"
EndProject
Project("{FAE04EC0-301F-11D3-BF4B-00C04F79EFBC}") = "Unity.VisualScripting.Core", "Unity.VisualScripting.Core.Player.csproj", "{AE9E8FAC-9824-A120-E3EC-3142AF425710}"
EndProject
Project("{FAE04EC0-301F-11D3-BF4B-00C04F79EFBC}") = "Unity.Mathematics", "Unity.Mathematics.Player.csproj", "{BA2D5F40-D4F3-9EE5-BA74-0AB5B69BCCB7}"
EndProject
Project("{FAE04EC0-301F-11D3-BF4B-00C04F79EFBC}") = "Unity.2D.IK.Runtime", "Unity.2D.IK.Runtime.Player.csproj", "{E7203711-1A5C-FBAD-4B89-9B8E475A950F}"
EndProject
Project("{FAE04EC0-301F-11D3-BF4B-00C04F79EFBC}") = "UnityEngine.TestRunner", "UnityEngine.TestRunner.Player.csproj", "{2B761364-CFEF-3826-56BF-49E3F85DE64D}"
EndProject
Project("{FAE04EC0-301F-11D3-BF4B-00C04F79EFBC}") = "Unity.Burst", "Unity.Burst.Player.csproj", "{D40BEED8-7C09-1601-D974-74FD104F319E}"
EndProject
Project("{FAE04EC0-301F-11D3-BF4B-00C04F79EFBC}") = "UnityEngine.UI", "UnityEngine.UI.Player.csproj", "{FE278498-E247-87B7-EDD0-9A845BE82FB2}"
EndProject
Project("{FAE04EC0-301F-11D3-BF4B-00C04F79EFBC}") = "Unity.Collections", "Unity.Collections.Player.csproj", "{BBDCF478-42F0-BBBC-5D5F-75D6CCF640D7}"
EndProject
Project("{FAE04EC0-301F-11D3-BF4B-00C04F79EFBC}") = "Unity.2D.SpriteShape.Runtime", "Unity.2D.SpriteShape.Runtime.Player.csproj", "{44A00A9D-4E62-BDA5-D17B-6AE911FBE51B}"
EndProject
Project("{FAE04EC0-301F-11D3-BF4B-00C04F79EFBC}") = "Assembly-CSharp", "Assembly-CSharp.Player.csproj", "{1491EC54-9407-3980-8951-D26FF793FDAA}"
EndProject
Project("{FAE04EC0-301F-11D3-BF4B-00C04F79EFBC}") = "Unity.2D.Animation.Runtime", "Unity.2D.Animation.Runtime.Player.csproj", "{D9BC7FA8-AC7D-C0BE-1AC9-B974B0BF4419}"
EndProject
Project("{FAE04EC0-301F-11D3-BF4B-00C04F79EFBC}") = "Unity.2D.Tilemap.Extras", "Unity.2D.Tilemap.Extras.Player.csproj", "{921B9A78-AC91-8042-C5A9-912978D99816}"
EndProject
Project("{FAE04EC0-301F-11D3-BF4B-00C04F79EFBC}") = "Unity.VisualScripting.State", "Unity.VisualScripting.State.Player.csproj", "{FABDC405-C109-47D2-6561-C51067998C02}"
EndProject
Project("{FAE04EC0-301F-11D3-BF4B-00C04F79EFBC}") = "Unity.TextMeshPro", "Unity.TextMeshPro.Player.csproj", "{A2E550FE-56D4-3F97-BA18-241CF54C7A1D}"
EndProject
Project("{FAE04EC0-301F-11D3-BF4B-00C04F79EFBC}") = "Unity.InternalAPIEngineBridge.001", "Unity.InternalAPIEngineBridge.001.Player.csproj", "{88C02D2F-C027-6B10-1AE5-C57A5C80F6B4}"
EndProject
Project("{FAE04EC0-301F-11D3-BF4B-00C04F79EFBC}") = "Unity.2D.PixelPerfect", "Unity.2D.PixelPerfect.Player.csproj", "{1E0E5922-DC22-4A39-873F-2169E4D2F996}"
EndProject
Project("{FAE04EC0-301F-11D3-BF4B-00C04F79EFBC}") = "Unity.2D.Common.Runtime", "Unity.2D.Common.Runtime.Player.csproj", "{A96FE2B5-1A85-D468-5E0C-EB4CF4E0F0EA}"
EndProject
Global
	GlobalSection(SolutionConfigurationPlatforms) = preSolution
		Debug|Any CPU = Debug|Any CPU
		Release|Any CPU = Release|Any CPU
	EndGlobalSection
	GlobalSection(ProjectConfigurationPlatforms) = postSolution
		{31AADFA7-176C-C44F-A0D9-665421A1FC10}.Debug|Any CPU.ActiveCfg = Debug|Any CPU
		{31AADFA7-176C-C44F-A0D9-665421A1FC10}.Debug|Any CPU.Build.0 = Debug|Any CPU
		{31AADFA7-176C-C44F-A0D9-665421A1FC10}.Release|Any CPU.ActiveCfg = Release|Any CPU
		{31AADFA7-176C-C44F-A0D9-665421A1FC10}.Release|Any CPU.Build.0 = Release|Any CPU
		{5BC8CB5E-14D7-E6E8-0908-FA66A5E0F49E}.Debug|Any CPU.ActiveCfg = Debug|Any CPU
		{5BC8CB5E-14D7-E6E8-0908-FA66A5E0F49E}.Debug|Any CPU.Build.0 = Debug|Any CPU
		{5BC8CB5E-14D7-E6E8-0908-FA66A5E0F49E}.Release|Any CPU.ActiveCfg = Release|Any CPU
		{5BC8CB5E-14D7-E6E8-0908-FA66A5E0F49E}.Release|Any CPU.Build.0 = Release|Any CPU
		{C8FA86A1-0790-F3F7-BAE6-90BB5F00869C}.Debug|Any CPU.ActiveCfg = Debug|Any CPU
		{C8FA86A1-0790-F3F7-BAE6-90BB5F00869C}.Debug|Any CPU.Build.0 = Debug|Any CPU
		{C8FA86A1-0790-F3F7-BAE6-90BB5F00869C}.Release|Any CPU.ActiveCfg = Release|Any CPU
		{C8FA86A1-0790-F3F7-BAE6-90BB5F00869C}.Release|Any CPU.Build.0 = Release|Any CPU
		{111D03C4-3705-FCFA-EEFE-E84B74888E4C}.Debug|Any CPU.ActiveCfg = Debug|Any CPU
		{111D03C4-3705-FCFA-EEFE-E84B74888E4C}.Debug|Any CPU.Build.0 = Debug|Any CPU
		{111D03C4-3705-FCFA-EEFE-E84B74888E4C}.Release|Any CPU.ActiveCfg = Release|Any CPU
		{111D03C4-3705-FCFA-EEFE-E84B74888E4C}.Release|Any CPU.Build.0 = Release|Any CPU
		{85303804-C87B-0BC2-3E4B-EABC2194DBB7}.Debug|Any CPU.ActiveCfg = Debug|Any CPU
		{85303804-C87B-0BC2-3E4B-EABC2194DBB7}.Debug|Any CPU.Build.0 = Debug|Any CPU
		{85303804-C87B-0BC2-3E4B-EABC2194DBB7}.Release|Any CPU.ActiveCfg = Release|Any CPU
		{85303804-C87B-0BC2-3E4B-EABC2194DBB7}.Release|Any CPU.Build.0 = Release|Any CPU
		{06800EB1-EF9F-B2F1-0557-909637FF4EC6}.Debug|Any CPU.ActiveCfg = Debug|Any CPU
		{06800EB1-EF9F-B2F1-0557-909637FF4EC6}.Debug|Any CPU.Build.0 = Debug|Any CPU
		{06800EB1-EF9F-B2F1-0557-909637FF4EC6}.Release|Any CPU.ActiveCfg = Release|Any CPU
		{06800EB1-EF9F-B2F1-0557-909637FF4EC6}.Release|Any CPU.Build.0 = Release|Any CPU
		{5331350A-68AA-D284-1FAC-B811353EC2EB}.Debug|Any CPU.ActiveCfg = Debug|Any CPU
		{5331350A-68AA-D284-1FAC-B811353EC2EB}.Debug|Any CPU.Build.0 = Debug|Any CPU
		{5331350A-68AA-D284-1FAC-B811353EC2EB}.Release|Any CPU.ActiveCfg = Release|Any CPU
		{5331350A-68AA-D284-1FAC-B811353EC2EB}.Release|Any CPU.Build.0 = Release|Any CPU
		{F9277976-0D40-C851-E66E-4AC0BA43595C}.Debug|Any CPU.ActiveCfg = Debug|Any CPU
		{F9277976-0D40-C851-E66E-4AC0BA43595C}.Debug|Any CPU.Build.0 = Debug|Any CPU
		{F9277976-0D40-C851-E66E-4AC0BA43595C}.Release|Any CPU.ActiveCfg = Release|Any CPU
		{F9277976-0D40-C851-E66E-4AC0BA43595C}.Release|Any CPU.Build.0 = Release|Any CPU
		{F1DE460F-68C5-31C4-591F-48D12BB5A653}.Debug|Any CPU.ActiveCfg = Debug|Any CPU
		{F1DE460F-68C5-31C4-591F-48D12BB5A653}.Debug|Any CPU.Build.0 = Debug|Any CPU
		{F1DE460F-68C5-31C4-591F-48D12BB5A653}.Release|Any CPU.ActiveCfg = Release|Any CPU
		{F1DE460F-68C5-31C4-591F-48D12BB5A653}.Release|Any CPU.Build.0 = Release|Any CPU
		{300A1081-A15D-AAF0-34DA-97ED0D174DDA}.Debug|Any CPU.ActiveCfg = Debug|Any CPU
		{300A1081-A15D-AAF0-34DA-97ED0D174DDA}.Debug|Any CPU.Build.0 = Debug|Any CPU
		{300A1081-A15D-AAF0-34DA-97ED0D174DDA}.Release|Any CPU.ActiveCfg = Release|Any CPU
		{300A1081-A15D-AAF0-34DA-97ED0D174DDA}.Release|Any CPU.Build.0 = Release|Any CPU
		{BC1709CF-933E-3000-AAEB-A351B8565F1E}.Debug|Any CPU.ActiveCfg = Debug|Any CPU
		{BC1709CF-933E-3000-AAEB-A351B8565F1E}.Debug|Any CPU.Build.0 = Debug|Any CPU
		{BC1709CF-933E-3000-AAEB-A351B8565F1E}.Release|Any CPU.ActiveCfg = Release|Any CPU
		{BC1709CF-933E-3000-AAEB-A351B8565F1E}.Release|Any CPU.Build.0 = Release|Any CPU
		{18ECD858-BF44-30C2-04D9-24FF684BBDDA}.Debug|Any CPU.ActiveCfg = Debug|Any CPU
		{18ECD858-BF44-30C2-04D9-24FF684BBDDA}.Debug|Any CPU.Build.0 = Debug|Any CPU
		{18ECD858-BF44-30C2-04D9-24FF684BBDDA}.Release|Any CPU.ActiveCfg = Release|Any CPU
		{18ECD858-BF44-30C2-04D9-24FF684BBDDA}.Release|Any CPU.Build.0 = Release|Any CPU
		{09FB1355-5908-32C3-BADF-8D7A0AF6E35C}.Debug|Any CPU.ActiveCfg = Debug|Any CPU
		{09FB1355-5908-32C3-BADF-8D7A0AF6E35C}.Debug|Any CPU.Build.0 = Debug|Any CPU
		{09FB1355-5908-32C3-BADF-8D7A0AF6E35C}.Release|Any CPU.ActiveCfg = Release|Any CPU
		{09FB1355-5908-32C3-BADF-8D7A0AF6E35C}.Release|Any CPU.Build.0 = Release|Any CPU
		{A6582174-86E1-36A3-7850-E7DCF430433B}.Debug|Any CPU.ActiveCfg = Debug|Any CPU
		{A6582174-86E1-36A3-7850-E7DCF430433B}.Debug|Any CPU.Build.0 = Debug|Any CPU
		{A6582174-86E1-36A3-7850-E7DCF430433B}.Release|Any CPU.ActiveCfg = Release|Any CPU
		{A6582174-86E1-36A3-7850-E7DCF430433B}.Release|Any CPU.Build.0 = Release|Any CPU
		{FB548CC7-57FC-2DBE-1A5B-C89EA489DB19}.Debug|Any CPU.ActiveCfg = Debug|Any CPU
		{FB548CC7-57FC-2DBE-1A5B-C89EA489DB19}.Debug|Any CPU.Build.0 = Debug|Any CPU
		{FB548CC7-57FC-2DBE-1A5B-C89EA489DB19}.Release|Any CPU.ActiveCfg = Release|Any CPU
		{FB548CC7-57FC-2DBE-1A5B-C89EA489DB19}.Release|Any CPU.Build.0 = Release|Any CPU
		{B95320C6-8E07-2C4A-F2A0-5943089C8980}.Debug|Any CPU.ActiveCfg = Debug|Any CPU
		{B95320C6-8E07-2C4A-F2A0-5943089C8980}.Debug|Any CPU.Build.0 = Debug|Any CPU
		{B95320C6-8E07-2C4A-F2A0-5943089C8980}.Release|Any CPU.ActiveCfg = Release|Any CPU
		{B95320C6-8E07-2C4A-F2A0-5943089C8980}.Release|Any CPU.Build.0 = Release|Any CPU
		{C062021C-065E-F955-3902-4A0E0B8EBDC1}.Debug|Any CPU.ActiveCfg = Debug|Any CPU
		{C062021C-065E-F955-3902-4A0E0B8EBDC1}.Debug|Any CPU.Build.0 = Debug|Any CPU
		{C062021C-065E-F955-3902-4A0E0B8EBDC1}.Release|Any CPU.ActiveCfg = Release|Any CPU
		{C062021C-065E-F955-3902-4A0E0B8EBDC1}.Release|Any CPU.Build.0 = Release|Any CPU
		{AEA73389-2EF3-E3FC-0327-2E9C73229EEA}.Debug|Any CPU.ActiveCfg = Debug|Any CPU
		{AEA73389-2EF3-E3FC-0327-2E9C73229EEA}.Debug|Any CPU.Build.0 = Debug|Any CPU
		{AEA73389-2EF3-E3FC-0327-2E9C73229EEA}.Release|Any CPU.ActiveCfg = Release|Any CPU
		{AEA73389-2EF3-E3FC-0327-2E9C73229EEA}.Release|Any CPU.Build.0 = Release|Any CPU
		{8AE4B68F-39E0-5CFA-F7B6-0168C79B9D21}.Debug|Any CPU.ActiveCfg = Debug|Any CPU
		{8AE4B68F-39E0-5CFA-F7B6-0168C79B9D21}.Debug|Any CPU.Build.0 = Debug|Any CPU
		{8AE4B68F-39E0-5CFA-F7B6-0168C79B9D21}.Release|Any CPU.ActiveCfg = Release|Any CPU
		{8AE4B68F-39E0-5CFA-F7B6-0168C79B9D21}.Release|Any CPU.Build.0 = Release|Any CPU
		{C6E3096B-CB7F-6771-EEC3-B029E7F70FE4}.Debug|Any CPU.ActiveCfg = Debug|Any CPU
		{C6E3096B-CB7F-6771-EEC3-B029E7F70FE4}.Debug|Any CPU.Build.0 = Debug|Any CPU
		{C6E3096B-CB7F-6771-EEC3-B029E7F70FE4}.Release|Any CPU.ActiveCfg = Release|Any CPU
		{C6E3096B-CB7F-6771-EEC3-B029E7F70FE4}.Release|Any CPU.Build.0 = Release|Any CPU
		{D2571EBF-080E-B4EE-B0FB-7B4A47F309A3}.Debug|Any CPU.ActiveCfg = Debug|Any CPU
		{D2571EBF-080E-B4EE-B0FB-7B4A47F309A3}.Debug|Any CPU.Build.0 = Debug|Any CPU
		{D2571EBF-080E-B4EE-B0FB-7B4A47F309A3}.Release|Any CPU.ActiveCfg = Release|Any CPU
		{D2571EBF-080E-B4EE-B0FB-7B4A47F309A3}.Release|Any CPU.Build.0 = Release|Any CPU
		{2F03F43A-90D4-8778-16B8-8940C7BCD246}.Debug|Any CPU.ActiveCfg = Debug|Any CPU
		{2F03F43A-90D4-8778-16B8-8940C7BCD246}.Debug|Any CPU.Build.0 = Debug|Any CPU
		{2F03F43A-90D4-8778-16B8-8940C7BCD246}.Release|Any CPU.ActiveCfg = Release|Any CPU
		{2F03F43A-90D4-8778-16B8-8940C7BCD246}.Release|Any CPU.Build.0 = Release|Any CPU
		{D17B5966-FEA0-3262-7F30-3783DE70845D}.Debug|Any CPU.ActiveCfg = Debug|Any CPU
		{D17B5966-FEA0-3262-7F30-3783DE70845D}.Debug|Any CPU.Build.0 = Debug|Any CPU
		{D17B5966-FEA0-3262-7F30-3783DE70845D}.Release|Any CPU.ActiveCfg = Release|Any CPU
		{D17B5966-FEA0-3262-7F30-3783DE70845D}.Release|Any CPU.Build.0 = Release|Any CPU
		{C31CB299-F565-9258-A421-E5678B2C0DFE}.Debug|Any CPU.ActiveCfg = Debug|Any CPU
		{C31CB299-F565-9258-A421-E5678B2C0DFE}.Debug|Any CPU.Build.0 = Debug|Any CPU
		{C31CB299-F565-9258-A421-E5678B2C0DFE}.Release|Any CPU.ActiveCfg = Release|Any CPU
		{C31CB299-F565-9258-A421-E5678B2C0DFE}.Release|Any CPU.Build.0 = Release|Any CPU
		{A6C67A56-CBFC-4811-5ECD-BF6F1C70443C}.Debug|Any CPU.ActiveCfg = Debug|Any CPU
		{A6C67A56-CBFC-4811-5ECD-BF6F1C70443C}.Debug|Any CPU.Build.0 = Debug|Any CPU
		{A6C67A56-CBFC-4811-5ECD-BF6F1C70443C}.Release|Any CPU.ActiveCfg = Release|Any CPU
		{A6C67A56-CBFC-4811-5ECD-BF6F1C70443C}.Release|Any CPU.Build.0 = Release|Any CPU
		{337ACB7D-4916-E306-B417-CA0F55728B12}.Debug|Any CPU.ActiveCfg = Debug|Any CPU
		{337ACB7D-4916-E306-B417-CA0F55728B12}.Debug|Any CPU.Build.0 = Debug|Any CPU
		{337ACB7D-4916-E306-B417-CA0F55728B12}.Release|Any CPU.ActiveCfg = Release|Any CPU
		{337ACB7D-4916-E306-B417-CA0F55728B12}.Release|Any CPU.Build.0 = Release|Any CPU
		{D934BE23-2189-4005-520F-FC8679FCA22B}.Debug|Any CPU.ActiveCfg = Debug|Any CPU
		{D934BE23-2189-4005-520F-FC8679FCA22B}.Debug|Any CPU.Build.0 = Debug|Any CPU
		{D934BE23-2189-4005-520F-FC8679FCA22B}.Release|Any CPU.ActiveCfg = Release|Any CPU
		{D934BE23-2189-4005-520F-FC8679FCA22B}.Release|Any CPU.Build.0 = Release|Any CPU
		{FB332BC7-51F9-6E8F-6BBD-542635EB98D0}.Debug|Any CPU.ActiveCfg = Debug|Any CPU
		{FB332BC7-51F9-6E8F-6BBD-542635EB98D0}.Debug|Any CPU.Build.0 = Debug|Any CPU
		{FB332BC7-51F9-6E8F-6BBD-542635EB98D0}.Release|Any CPU.ActiveCfg = Release|Any CPU
		{FB332BC7-51F9-6E8F-6BBD-542635EB98D0}.Release|Any CPU.Build.0 = Release|Any CPU
		{F5F1722E-FC81-61ED-F8E1-1DA1F795B457}.Debug|Any CPU.ActiveCfg = Debug|Any CPU
		{F5F1722E-FC81-61ED-F8E1-1DA1F795B457}.Debug|Any CPU.Build.0 = Debug|Any CPU
		{F5F1722E-FC81-61ED-F8E1-1DA1F795B457}.Release|Any CPU.ActiveCfg = Release|Any CPU
		{F5F1722E-FC81-61ED-F8E1-1DA1F795B457}.Release|Any CPU.Build.0 = Release|Any CPU
		{CC545EB7-3577-8724-42F5-D10A877C3B6C}.Debug|Any CPU.ActiveCfg = Debug|Any CPU
		{CC545EB7-3577-8724-42F5-D10A877C3B6C}.Debug|Any CPU.Build.0 = Debug|Any CPU
		{CC545EB7-3577-8724-42F5-D10A877C3B6C}.Release|Any CPU.ActiveCfg = Release|Any CPU
		{CC545EB7-3577-8724-42F5-D10A877C3B6C}.Release|Any CPU.Build.0 = Release|Any CPU
		{1435416E-AF6E-AF66-59FF-517E4F4D0560}.Debug|Any CPU.ActiveCfg = Debug|Any CPU
		{1435416E-AF6E-AF66-59FF-517E4F4D0560}.Debug|Any CPU.Build.0 = Debug|Any CPU
		{1435416E-AF6E-AF66-59FF-517E4F4D0560}.Release|Any CPU.ActiveCfg = Release|Any CPU
		{1435416E-AF6E-AF66-59FF-517E4F4D0560}.Release|Any CPU.Build.0 = Release|Any CPU
		{D7CFF0EB-312A-10B6-CC9C-555B69A1DE6D}.Debug|Any CPU.ActiveCfg = Debug|Any CPU
		{D7CFF0EB-312A-10B6-CC9C-555B69A1DE6D}.Debug|Any CPU.Build.0 = Debug|Any CPU
		{D7CFF0EB-312A-10B6-CC9C-555B69A1DE6D}.Release|Any CPU.ActiveCfg = Release|Any CPU
		{D7CFF0EB-312A-10B6-CC9C-555B69A1DE6D}.Release|Any CPU.Build.0 = Release|Any CPU
		{313E7B88-071E-4D79-F658-CC7D980D29C0}.Debug|Any CPU.ActiveCfg = Debug|Any CPU
		{313E7B88-071E-4D79-F658-CC7D980D29C0}.Debug|Any CPU.Build.0 = Debug|Any CPU
		{313E7B88-071E-4D79-F658-CC7D980D29C0}.Release|Any CPU.ActiveCfg = Release|Any CPU
		{313E7B88-071E-4D79-F658-CC7D980D29C0}.Release|Any CPU.Build.0 = Release|Any CPU
		{BE853A23-BF46-6B9D-F721-EFDF448D7F5A}.Debug|Any CPU.ActiveCfg = Debug|Any CPU
		{BE853A23-BF46-6B9D-F721-EFDF448D7F5A}.Debug|Any CPU.Build.0 = Debug|Any CPU
		{BE853A23-BF46-6B9D-F721-EFDF448D7F5A}.Release|Any CPU.ActiveCfg = Release|Any CPU
		{BE853A23-BF46-6B9D-F721-EFDF448D7F5A}.Release|Any CPU.Build.0 = Release|Any CPU
		{CAA92EEC-C1AE-60C3-A9F9-B2924B21033F}.Debug|Any CPU.ActiveCfg = Debug|Any CPU
		{CAA92EEC-C1AE-60C3-A9F9-B2924B21033F}.Debug|Any CPU.Build.0 = Debug|Any CPU
		{CAA92EEC-C1AE-60C3-A9F9-B2924B21033F}.Release|Any CPU.ActiveCfg = Release|Any CPU
		{CAA92EEC-C1AE-60C3-A9F9-B2924B21033F}.Release|Any CPU.Build.0 = Release|Any CPU
		{F935EE79-87DD-9806-51EF-0E2BF018CFD7}.Debug|Any CPU.ActiveCfg = Debug|Any CPU
		{F935EE79-87DD-9806-51EF-0E2BF018CFD7}.Debug|Any CPU.Build.0 = Debug|Any CPU
		{F935EE79-87DD-9806-51EF-0E2BF018CFD7}.Release|Any CPU.ActiveCfg = Release|Any CPU
		{F935EE79-87DD-9806-51EF-0E2BF018CFD7}.Release|Any CPU.Build.0 = Release|Any CPU
		{7F3EA03A-7E51-C1EA-3D0C-AE8255FDF81C}.Debug|Any CPU.ActiveCfg = Debug|Any CPU
		{7F3EA03A-7E51-C1EA-3D0C-AE8255FDF81C}.Debug|Any CPU.Build.0 = Debug|Any CPU
		{7F3EA03A-7E51-C1EA-3D0C-AE8255FDF81C}.Release|Any CPU.ActiveCfg = Release|Any CPU
		{7F3EA03A-7E51-C1EA-3D0C-AE8255FDF81C}.Release|Any CPU.Build.0 = Release|Any CPU
		{C9504211-5D6D-5043-3F6C-D986A8773291}.Debug|Any CPU.ActiveCfg = Debug|Any CPU
		{C9504211-5D6D-5043-3F6C-D986A8773291}.Debug|Any CPU.Build.0 = Debug|Any CPU
		{C9504211-5D6D-5043-3F6C-D986A8773291}.Release|Any CPU.ActiveCfg = Release|Any CPU
		{C9504211-5D6D-5043-3F6C-D986A8773291}.Release|Any CPU.Build.0 = Release|Any CPU
		{E8B02E6B-25A7-D26C-857E-E02CB9E2C381}.Debug|Any CPU.ActiveCfg = Debug|Any CPU
		{E8B02E6B-25A7-D26C-857E-E02CB9E2C381}.Debug|Any CPU.Build.0 = Debug|Any CPU
		{E8B02E6B-25A7-D26C-857E-E02CB9E2C381}.Release|Any CPU.ActiveCfg = Release|Any CPU
		{E8B02E6B-25A7-D26C-857E-E02CB9E2C381}.Release|Any CPU.Build.0 = Release|Any CPU
		{234D1980-33A2-F19E-0899-025C2660DD21}.Debug|Any CPU.ActiveCfg = Debug|Any CPU
		{234D1980-33A2-F19E-0899-025C2660DD21}.Debug|Any CPU.Build.0 = Debug|Any CPU
		{234D1980-33A2-F19E-0899-025C2660DD21}.Release|Any CPU.ActiveCfg = Release|Any CPU
		{234D1980-33A2-F19E-0899-025C2660DD21}.Release|Any CPU.Build.0 = Release|Any CPU
		{D97D560E-66D7-AF44-B003-5C9CFC0D959C}.Debug|Any CPU.ActiveCfg = Debug|Any CPU
		{D97D560E-66D7-AF44-B003-5C9CFC0D959C}.Debug|Any CPU.Build.0 = Debug|Any CPU
		{D97D560E-66D7-AF44-B003-5C9CFC0D959C}.Release|Any CPU.ActiveCfg = Release|Any CPU
		{D97D560E-66D7-AF44-B003-5C9CFC0D959C}.Release|Any CPU.Build.0 = Release|Any CPU
		{EDFE968E-3A9B-D064-7377-C140F7F8E8B3}.Debug|Any CPU.ActiveCfg = Debug|Any CPU
		{EDFE968E-3A9B-D064-7377-C140F7F8E8B3}.Debug|Any CPU.Build.0 = Debug|Any CPU
		{EDFE968E-3A9B-D064-7377-C140F7F8E8B3}.Release|Any CPU.ActiveCfg = Release|Any CPU
		{EDFE968E-3A9B-D064-7377-C140F7F8E8B3}.Release|Any CPU.Build.0 = Release|Any CPU
		{9A01191E-7976-F6DE-415A-C398B6C52DCA}.Debug|Any CPU.ActiveCfg = Debug|Any CPU
		{9A01191E-7976-F6DE-415A-C398B6C52DCA}.Debug|Any CPU.Build.0 = Debug|Any CPU
		{9A01191E-7976-F6DE-415A-C398B6C52DCA}.Release|Any CPU.ActiveCfg = Release|Any CPU
		{9A01191E-7976-F6DE-415A-C398B6C52DCA}.Release|Any CPU.Build.0 = Release|Any CPU
		{296F8CCF-5753-B8E6-FD41-E4B12A2237A4}.Debug|Any CPU.ActiveCfg = Debug|Any CPU
		{296F8CCF-5753-B8E6-FD41-E4B12A2237A4}.Debug|Any CPU.Build.0 = Debug|Any CPU
		{296F8CCF-5753-B8E6-FD41-E4B12A2237A4}.Release|Any CPU.ActiveCfg = Release|Any CPU
		{296F8CCF-5753-B8E6-FD41-E4B12A2237A4}.Release|Any CPU.Build.0 = Release|Any CPU
		{29A4BF3B-7F4F-7631-9664-261FDEF2FD57}.Debug|Any CPU.ActiveCfg = Debug|Any CPU
		{29A4BF3B-7F4F-7631-9664-261FDEF2FD57}.Debug|Any CPU.Build.0 = Debug|Any CPU
		{29A4BF3B-7F4F-7631-9664-261FDEF2FD57}.Release|Any CPU.ActiveCfg = Release|Any CPU
		{29A4BF3B-7F4F-7631-9664-261FDEF2FD57}.Release|Any CPU.Build.0 = Release|Any CPU
		{78201BFB-CCC7-DA13-ADF1-1B02ACF000D2}.Debug|Any CPU.ActiveCfg = Debug|Any CPU
		{78201BFB-CCC7-DA13-ADF1-1B02ACF000D2}.Debug|Any CPU.Build.0 = Debug|Any CPU
		{78201BFB-CCC7-DA13-ADF1-1B02ACF000D2}.Release|Any CPU.ActiveCfg = Release|Any CPU
		{78201BFB-CCC7-DA13-ADF1-1B02ACF000D2}.Release|Any CPU.Build.0 = Release|Any CPU
		{914D700D-B410-AA74-1867-087968050201}.Debug|Any CPU.ActiveCfg = Debug|Any CPU
		{914D700D-B410-AA74-1867-087968050201}.Debug|Any CPU.Build.0 = Debug|Any CPU
		{914D700D-B410-AA74-1867-087968050201}.Release|Any CPU.ActiveCfg = Release|Any CPU
		{914D700D-B410-AA74-1867-087968050201}.Release|Any CPU.Build.0 = Release|Any CPU
		{A8B09F20-83C6-C46C-421E-B90B2F58DA61}.Debug|Any CPU.ActiveCfg = Debug|Any CPU
		{A8B09F20-83C6-C46C-421E-B90B2F58DA61}.Debug|Any CPU.Build.0 = Debug|Any CPU
		{A8B09F20-83C6-C46C-421E-B90B2F58DA61}.Release|Any CPU.ActiveCfg = Release|Any CPU
		{A8B09F20-83C6-C46C-421E-B90B2F58DA61}.Release|Any CPU.Build.0 = Release|Any CPU
		{BCBE7CCF-36A5-0780-4825-2E41A002AF5F}.Debug|Any CPU.ActiveCfg = Debug|Any CPU
		{BCBE7CCF-36A5-0780-4825-2E41A002AF5F}.Debug|Any CPU.Build.0 = Debug|Any CPU
		{BCBE7CCF-36A5-0780-4825-2E41A002AF5F}.Release|Any CPU.ActiveCfg = Release|Any CPU
		{BCBE7CCF-36A5-0780-4825-2E41A002AF5F}.Release|Any CPU.Build.0 = Release|Any CPU
		{FDC5E125-E8B3-9486-A395-814416AAC7F3}.Debug|Any CPU.ActiveCfg = Debug|Any CPU
		{FDC5E125-E8B3-9486-A395-814416AAC7F3}.Debug|Any CPU.Build.0 = Debug|Any CPU
		{FDC5E125-E8B3-9486-A395-814416AAC7F3}.Release|Any CPU.ActiveCfg = Release|Any CPU
		{FDC5E125-E8B3-9486-A395-814416AAC7F3}.Release|Any CPU.Build.0 = Release|Any CPU
		{31D57EC5-A312-5A14-BD46-FD5B0DED35CD}.Debug|Any CPU.ActiveCfg = Debug|Any CPU
		{31D57EC5-A312-5A14-BD46-FD5B0DED35CD}.Debug|Any CPU.Build.0 = Debug|Any CPU
		{31D57EC5-A312-5A14-BD46-FD5B0DED35CD}.Release|Any CPU.ActiveCfg = Release|Any CPU
		{31D57EC5-A312-5A14-BD46-FD5B0DED35CD}.Release|Any CPU.Build.0 = Release|Any CPU
		{C0D7B4AD-16D0-A0F0-B46F-92365AA536E6}.Debug|Any CPU.ActiveCfg = Debug|Any CPU
		{C0D7B4AD-16D0-A0F0-B46F-92365AA536E6}.Debug|Any CPU.Build.0 = Debug|Any CPU
		{C0D7B4AD-16D0-A0F0-B46F-92365AA536E6}.Release|Any CPU.ActiveCfg = Release|Any CPU
		{C0D7B4AD-16D0-A0F0-B46F-92365AA536E6}.Release|Any CPU.Build.0 = Release|Any CPU
		{0587A25F-1B23-F906-1FD7-974EC73BCC64}.Debug|Any CPU.ActiveCfg = Debug|Any CPU
		{0587A25F-1B23-F906-1FD7-974EC73BCC64}.Debug|Any CPU.Build.0 = Debug|Any CPU
		{0587A25F-1B23-F906-1FD7-974EC73BCC64}.Release|Any CPU.ActiveCfg = Release|Any CPU
		{0587A25F-1B23-F906-1FD7-974EC73BCC64}.Release|Any CPU.Build.0 = Release|Any CPU
		{AE9E8FAC-9824-A120-E3EC-3142AF425710}.Debug|Any CPU.ActiveCfg = Debug|Any CPU
		{AE9E8FAC-9824-A120-E3EC-3142AF425710}.Debug|Any CPU.Build.0 = Debug|Any CPU
		{AE9E8FAC-9824-A120-E3EC-3142AF425710}.Release|Any CPU.ActiveCfg = Release|Any CPU
		{AE9E8FAC-9824-A120-E3EC-3142AF425710}.Release|Any CPU.Build.0 = Release|Any CPU
		{BA2D5F40-D4F3-9EE5-BA74-0AB5B69BCCB7}.Debug|Any CPU.ActiveCfg = Debug|Any CPU
		{BA2D5F40-D4F3-9EE5-BA74-0AB5B69BCCB7}.Debug|Any CPU.Build.0 = Debug|Any CPU
		{BA2D5F40-D4F3-9EE5-BA74-0AB5B69BCCB7}.Release|Any CPU.ActiveCfg = Release|Any CPU
		{BA2D5F40-D4F3-9EE5-BA74-0AB5B69BCCB7}.Release|Any CPU.Build.0 = Release|Any CPU
		{E7203711-1A5C-FBAD-4B89-9B8E475A950F}.Debug|Any CPU.ActiveCfg = Debug|Any CPU
		{E7203711-1A5C-FBAD-4B89-9B8E475A950F}.Debug|Any CPU.Build.0 = Debug|Any CPU
		{E7203711-1A5C-FBAD-4B89-9B8E475A950F}.Release|Any CPU.ActiveCfg = Release|Any CPU
		{E7203711-1A5C-FBAD-4B89-9B8E475A950F}.Release|Any CPU.Build.0 = Release|Any CPU
		{2B761364-CFEF-3826-56BF-49E3F85DE64D}.Debug|Any CPU.ActiveCfg = Debug|Any CPU
		{2B761364-CFEF-3826-56BF-49E3F85DE64D}.Debug|Any CPU.Build.0 = Debug|Any CPU
		{2B761364-CFEF-3826-56BF-49E3F85DE64D}.Release|Any CPU.ActiveCfg = Release|Any CPU
		{2B761364-CFEF-3826-56BF-49E3F85DE64D}.Release|Any CPU.Build.0 = Release|Any CPU
		{D40BEED8-7C09-1601-D974-74FD104F319E}.Debug|Any CPU.ActiveCfg = Debug|Any CPU
		{D40BEED8-7C09-1601-D974-74FD104F319E}.Debug|Any CPU.Build.0 = Debug|Any CPU
		{D40BEED8-7C09-1601-D974-74FD104F319E}.Release|Any CPU.ActiveCfg = Release|Any CPU
		{D40BEED8-7C09-1601-D974-74FD104F319E}.Release|Any CPU.Build.0 = Release|Any CPU
		{FE278498-E247-87B7-EDD0-9A845BE82FB2}.Debug|Any CPU.ActiveCfg = Debug|Any CPU
		{FE278498-E247-87B7-EDD0-9A845BE82FB2}.Debug|Any CPU.Build.0 = Debug|Any CPU
		{FE278498-E247-87B7-EDD0-9A845BE82FB2}.Release|Any CPU.ActiveCfg = Release|Any CPU
		{FE278498-E247-87B7-EDD0-9A845BE82FB2}.Release|Any CPU.Build.0 = Release|Any CPU
		{BBDCF478-42F0-BBBC-5D5F-75D6CCF640D7}.Debug|Any CPU.ActiveCfg = Debug|Any CPU
		{BBDCF478-42F0-BBBC-5D5F-75D6CCF640D7}.Debug|Any CPU.Build.0 = Debug|Any CPU
		{BBDCF478-42F0-BBBC-5D5F-75D6CCF640D7}.Release|Any CPU.ActiveCfg = Release|Any CPU
		{BBDCF478-42F0-BBBC-5D5F-75D6CCF640D7}.Release|Any CPU.Build.0 = Release|Any CPU
		{44A00A9D-4E62-BDA5-D17B-6AE911FBE51B}.Debug|Any CPU.ActiveCfg = Debug|Any CPU
		{44A00A9D-4E62-BDA5-D17B-6AE911FBE51B}.Debug|Any CPU.Build.0 = Debug|Any CPU
		{44A00A9D-4E62-BDA5-D17B-6AE911FBE51B}.Release|Any CPU.ActiveCfg = Release|Any CPU
		{44A00A9D-4E62-BDA5-D17B-6AE911FBE51B}.Release|Any CPU.Build.0 = Release|Any CPU
		{1491EC54-9407-3980-8951-D26FF793FDAA}.Debug|Any CPU.ActiveCfg = Debug|Any CPU
		{1491EC54-9407-3980-8951-D26FF793FDAA}.Debug|Any CPU.Build.0 = Debug|Any CPU
		{1491EC54-9407-3980-8951-D26FF793FDAA}.Release|Any CPU.ActiveCfg = Release|Any CPU
		{1491EC54-9407-3980-8951-D26FF793FDAA}.Release|Any CPU.Build.0 = Release|Any CPU
		{D9BC7FA8-AC7D-C0BE-1AC9-B974B0BF4419}.Debug|Any CPU.ActiveCfg = Debug|Any CPU
		{D9BC7FA8-AC7D-C0BE-1AC9-B974B0BF4419}.Debug|Any CPU.Build.0 = Debug|Any CPU
		{D9BC7FA8-AC7D-C0BE-1AC9-B974B0BF4419}.Release|Any CPU.ActiveCfg = Release|Any CPU
		{D9BC7FA8-AC7D-C0BE-1AC9-B974B0BF4419}.Release|Any CPU.Build.0 = Release|Any CPU
		{921B9A78-AC91-8042-C5A9-912978D99816}.Debug|Any CPU.ActiveCfg = Debug|Any CPU
		{921B9A78-AC91-8042-C5A9-912978D99816}.Debug|Any CPU.Build.0 = Debug|Any CPU
		{921B9A78-AC91-8042-C5A9-912978D99816}.Release|Any CPU.ActiveCfg = Release|Any CPU
		{921B9A78-AC91-8042-C5A9-912978D99816}.Release|Any CPU.Build.0 = Release|Any CPU
		{FABDC405-C109-47D2-6561-C51067998C02}.Debug|Any CPU.ActiveCfg = Debug|Any CPU
		{FABDC405-C109-47D2-6561-C51067998C02}.Debug|Any CPU.Build.0 = Debug|Any CPU
		{FABDC405-C109-47D2-6561-C51067998C02}.Release|Any CPU.ActiveCfg = Release|Any CPU
		{FABDC405-C109-47D2-6561-C51067998C02}.Release|Any CPU.Build.0 = Release|Any CPU
		{A2E550FE-56D4-3F97-BA18-241CF54C7A1D}.Debug|Any CPU.ActiveCfg = Debug|Any CPU
		{A2E550FE-56D4-3F97-BA18-241CF54C7A1D}.Debug|Any CPU.Build.0 = Debug|Any CPU
		{A2E550FE-56D4-3F97-BA18-241CF54C7A1D}.Release|Any CPU.ActiveCfg = Release|Any CPU
		{A2E550FE-56D4-3F97-BA18-241CF54C7A1D}.Release|Any CPU.Build.0 = Release|Any CPU
		{88C02D2F-C027-6B10-1AE5-C57A5C80F6B4}.Debug|Any CPU.ActiveCfg = Debug|Any CPU
		{88C02D2F-C027-6B10-1AE5-C57A5C80F6B4}.Debug|Any CPU.Build.0 = Debug|Any CPU
		{88C02D2F-C027-6B10-1AE5-C57A5C80F6B4}.Release|Any CPU.ActiveCfg = Release|Any CPU
		{88C02D2F-C027-6B10-1AE5-C57A5C80F6B4}.Release|Any CPU.Build.0 = Release|Any CPU
		{1E0E5922-DC22-4A39-873F-2169E4D2F996}.Debug|Any CPU.ActiveCfg = Debug|Any CPU
		{1E0E5922-DC22-4A39-873F-2169E4D2F996}.Debug|Any CPU.Build.0 = Debug|Any CPU
		{1E0E5922-DC22-4A39-873F-2169E4D2F996}.Release|Any CPU.ActiveCfg = Release|Any CPU
		{1E0E5922-DC22-4A39-873F-2169E4D2F996}.Release|Any CPU.Build.0 = Release|Any CPU
		{A96FE2B5-1A85-D468-5E0C-EB4CF4E0F0EA}.Debug|Any CPU.ActiveCfg = Debug|Any CPU
		{A96FE2B5-1A85-D468-5E0C-EB4CF4E0F0EA}.Debug|Any CPU.Build.0 = Debug|Any CPU
		{A96FE2B5-1A85-D468-5E0C-EB4CF4E0F0EA}.Release|Any CPU.ActiveCfg = Release|Any CPU
		{A96FE2B5-1A85-D468-5E0C-EB4CF4E0F0EA}.Release|Any CPU.Build.0 = Release|Any CPU
	EndGlobalSection
	GlobalSection(SolutionProperties) = preSolution
		HideSolutionNode = FALSE
	EndGlobalSection
EndGlobal
